
Microsoft Visual Studio Solution File, Format Version 12.00
# Visual Studio 15
VisualStudioVersion = 15.0.28124.53
MinimumVisualStudioVersion = 10.0.40219.1
Project("{FAE04EC0-301F-11D3-BF4B-00C04F79EFBC}") = "WpfApp5_3", "WpfApp5_3\WpfApp5_3.csproj", "{EB3FAD60-54A8-4507-8EA8-1E0686B8879D}"
EndProject
Global
	GlobalSection(SolutionConfigurationPlatforms) = preSolution
		Debug|Any CPU = Debug|Any CPU
		Release|Any CPU = Release|Any CPU
	EndGlobalSection
	GlobalSection(ProjectConfigurationPlatforms) = postSolution
		{EB3FAD60-54A8-4507-8EA8-1E0686B8879D}.Debug|Any CPU.ActiveCfg = Debug|Any CPU
		{EB3FAD60-54A8-4507-8EA8-1E0686B8879D}.Debug|Any CPU.Build.0 = Debug|Any CPU
		{EB3FAD60-54A8-4507-8EA8-1E0686B8879D}.Release|Any CPU.ActiveCfg = Release|Any CPU
		{EB3FAD60-54A8-4507-8EA8-1E0686B8879D}.Release|Any CPU.Build.0 = Release|Any CPU
	EndGlobalSection
	GlobalSection(SolutionProperties) = preSolution
		HideSolutionNode = FALSE
	EndGlobalSection
EndGlobal
